
Microsoft Visual Studio Solution File, Format Version 12.00
# Visual Studio Version 17
VisualStudioVersion = 17.10.35013.160
MinimumVisualStudioVersion = 10.0.40219.1
Project("{9A19103F-16F7-4668-BE54-9A1E7A4F7556}") = "LogicTest", "LogicTest.csproj", "{A37516CF-7122-4BA0-887F-278C288BD0BD}"
EndProject
Project("{FAE04EC0-301F-11D3-BF4B-00C04F79EFBC}") = "LogicTest.Test", "..\LogicTest.Test\LogicTest.Test.csproj", "{60D1B994-3A37-44F7-8E4B-2B242B6FE3D3}"
EndProject
Global
	GlobalSection(SolutionConfigurationPlatforms) = preSolution
		Debug|Any CPU = Debug|Any CPU
		Release|Any CPU = Release|Any CPU
	EndGlobalSection
	GlobalSection(ProjectConfigurationPlatforms) = postSolution
		{A37516CF-7122-4BA0-887F-278C288BD0BD}.Debug|Any CPU.ActiveCfg = Debug|Any CPU
		{A37516CF-7122-4BA0-887F-278C288BD0BD}.Debug|Any CPU.Build.0 = Debug|Any CPU
		{A37516CF-7122-4BA0-887F-278C288BD0BD}.Release|Any CPU.ActiveCfg = Release|Any CPU
		{A37516CF-7122-4BA0-887F-278C288BD0BD}.Release|Any CPU.Build.0 = Release|Any CPU
		{60D1B994-3A37-44F7-8E4B-2B242B6FE3D3}.Debug|Any CPU.ActiveCfg = Debug|Any CPU
		{60D1B994-3A37-44F7-8E4B-2B242B6FE3D3}.Debug|Any CPU.Build.0 = Debug|Any CPU
		{60D1B994-3A37-44F7-8E4B-2B242B6FE3D3}.Release|Any CPU.ActiveCfg = Release|Any CPU
		{60D1B994-3A37-44F7-8E4B-2B242B6FE3D3}.Release|Any CPU.Build.0 = Release|Any CPU
	EndGlobalSection
	GlobalSection(SolutionProperties) = preSolution
		HideSolutionNode = FALSE
	EndGlobalSection
	GlobalSection(ExtensibilityGlobals) = postSolution
		SolutionGuid = {CDB8C981-DB41-4C95-B9B1-99BFD9DD3D30}
	EndGlobalSection
EndGlobal
